
Microsoft Visual Studio Solution File, Format Version 12.00
# Visual Studio Version 17
VisualStudioVersion = 17.0.32014.148
MinimumVisualStudioVersion = 10.0.40219.1
Project("{9A19103F-16F7-4668-BE54-9A1E7A4F7556}") = "E621Scraper", "E621Scraper\E621Scraper.csproj", "{533B5A49-30C9-4EB8-A733-39EC4A50BBE1}"
EndProject
Project("{9A19103F-16F7-4668-BE54-9A1E7A4F7556}") = "E621TelegramBot", "E621TelegramBot\E621TelegramBot.csproj", "{2B23F819-1FCD-4673-9EE5-5D38C7074A78}"
EndProject
Project("{9A19103F-16F7-4668-BE54-9A1E7A4F7556}") = "E621Shared", "E621Shared\E621Shared.csproj", "{22808D41-A0A0-46FA-8A18-B0816D9E351A}"
EndProject
Global
	GlobalSection(SolutionConfigurationPlatforms) = preSolution
		Debug|Any CPU = Debug|Any CPU
		Release|Any CPU = Release|Any CPU
	EndGlobalSection
	GlobalSection(ProjectConfigurationPlatforms) = postSolution
		{533B5A49-30C9-4EB8-A733-39EC4A50BBE1}.Debug|Any CPU.ActiveCfg = Debug|Any CPU
		{533B5A49-30C9-4EB8-A733-39EC4A50BBE1}.Debug|Any CPU.Build.0 = Debug|Any CPU
		{533B5A49-30C9-4EB8-A733-39EC4A50BBE1}.Release|Any CPU.ActiveCfg = Release|Any CPU
		{533B5A49-30C9-4EB8-A733-39EC4A50BBE1}.Release|Any CPU.Build.0 = Release|Any CPU
		{2B23F819-1FCD-4673-9EE5-5D38C7074A78}.Debug|Any CPU.ActiveCfg = Debug|Any CPU
		{2B23F819-1FCD-4673-9EE5-5D38C7074A78}.Debug|Any CPU.Build.0 = Debug|Any CPU
		{2B23F819-1FCD-4673-9EE5-5D38C7074A78}.Release|Any CPU.ActiveCfg = Release|Any CPU
		{2B23F819-1FCD-4673-9EE5-5D38C7074A78}.Release|Any CPU.Build.0 = Release|Any CPU
		{22808D41-A0A0-46FA-8A18-B0816D9E351A}.Debug|Any CPU.ActiveCfg = Debug|Any CPU
		{22808D41-A0A0-46FA-8A18-B0816D9E351A}.Debug|Any CPU.Build.0 = Debug|Any CPU
		{22808D41-A0A0-46FA-8A18-B0816D9E351A}.Release|Any CPU.ActiveCfg = Release|Any CPU
		{22808D41-A0A0-46FA-8A18-B0816D9E351A}.Release|Any CPU.Build.0 = Release|Any CPU
	EndGlobalSection
	GlobalSection(SolutionProperties) = preSolution
		HideSolutionNode = FALSE
	EndGlobalSection
	GlobalSection(ExtensibilityGlobals) = postSolution
		SolutionGuid = {CB92695C-78BD-4B99-8DEA-C6E34BA7D28B}
	EndGlobalSection
EndGlobal
